
Microsoft Visual Studio Solution File, Format Version 12.00
# Visual Studio Version 16
VisualStudioVersion = 16.0.29728.190
MinimumVisualStudioVersion = 10.0.40219.1
Project("{FAE04EC0-301F-11D3-BF4B-00C04F79EFBC}") = "Desafio2", "Desafio2.csproj", "{8AC781B1-61EE-47CA-B20E-FADEA0246BE2}"
EndProject
Global
	GlobalSection(SolutionConfigurationPlatforms) = preSolution
		Debug|Any CPU = Debug|Any CPU
		Release|Any CPU = Release|Any CPU
	EndGlobalSection
	GlobalSection(ProjectConfigurationPlatforms) = postSolution
		{8AC781B1-61EE-47CA-B20E-FADEA0246BE2}.Debug|Any CPU.ActiveCfg = Debug|Any CPU
		{8AC781B1-61EE-47CA-B20E-FADEA0246BE2}.Debug|Any CPU.Build.0 = Debug|Any CPU
		{8AC781B1-61EE-47CA-B20E-FADEA0246BE2}.Release|Any CPU.ActiveCfg = Release|Any CPU
		{8AC781B1-61EE-47CA-B20E-FADEA0246BE2}.Release|Any CPU.Build.0 = Release|Any CPU
	EndGlobalSection
	GlobalSection(SolutionProperties) = preSolution
		HideSolutionNode = FALSE
	EndGlobalSection
	GlobalSection(ExtensibilityGlobals) = postSolution
		SolutionGuid = {4293B1EC-6C15-4F69-B83F-7181955E4C05}
	EndGlobalSection
EndGlobal
