
Microsoft Visual Studio Solution File, Format Version 12.00
# Visual Studio Version 16
VisualStudioVersion = 16.0.29911.84
MinimumVisualStudioVersion = 10.0.40219.1
Project("{FAE04EC0-301F-11D3-BF4B-00C04F79EFBC}") = "Parte II segundo parcial", "Parte II segundo parcial\Parte II segundo parcial.csproj", "{9FCB1F81-2F31-48CE-9CC2-C00879252923}"
EndProject
Global
	GlobalSection(SolutionConfigurationPlatforms) = preSolution
		Debug|Any CPU = Debug|Any CPU
		Release|Any CPU = Release|Any CPU
	EndGlobalSection
	GlobalSection(ProjectConfigurationPlatforms) = postSolution
		{9FCB1F81-2F31-48CE-9CC2-C00879252923}.Debug|Any CPU.ActiveCfg = Debug|Any CPU
		{9FCB1F81-2F31-48CE-9CC2-C00879252923}.Debug|Any CPU.Build.0 = Debug|Any CPU
		{9FCB1F81-2F31-48CE-9CC2-C00879252923}.Release|Any CPU.ActiveCfg = Release|Any CPU
		{9FCB1F81-2F31-48CE-9CC2-C00879252923}.Release|Any CPU.Build.0 = Release|Any CPU
	EndGlobalSection
	GlobalSection(SolutionProperties) = preSolution
		HideSolutionNode = FALSE
	EndGlobalSection
	GlobalSection(ExtensibilityGlobals) = postSolution
		SolutionGuid = {0B8846B6-8C80-45DB-84A5-1F6C2B614F98}
	EndGlobalSection
EndGlobal
